
Microsoft Visual Studio Solution File, Format Version 12.00
# Visual Studio 15
VisualStudioVersion = 15.0.28307.572
MinimumVisualStudioVersion = 10.0.40219.1
Project("{FAE04EC0-301F-11D3-BF4B-00C04F79EFBC}") = "Capstone", "Capstone\Capstone.csproj", "{C4F56051-7802-42C7-B621-DF7CFA3EE20F}"
EndProject
Project("{FAE04EC0-301F-11D3-BF4B-00C04F79EFBC}") = "Capstone.Data", "Capstone.Data\Capstone.Data.csproj", "{A611520B-F8DA-45D8-A3E0-27AB0B656075}"
EndProject
Project("{FAE04EC0-301F-11D3-BF4B-00C04F79EFBC}") = "Capstone.Model", "Capstone.Model\Capstone.Model.csproj", "{57B4D175-8F75-4593-90C1-F693A53BC9C6}"
EndProject
Project("{FAE04EC0-301F-11D3-BF4B-00C04F79EFBC}") = "Capstone.Service", "Capstone.Service\Capstone.Service.csproj", "{507E33BD-E0E6-4F47-A38A-8D30103BE317}"
EndProject
Global
	GlobalSection(SolutionConfigurationPlatforms) = preSolution
		Debug|Any CPU = Debug|Any CPU
		Release|Any CPU = Release|Any CPU
	EndGlobalSection
	GlobalSection(ProjectConfigurationPlatforms) = postSolution
		{C4F56051-7802-42C7-B621-DF7CFA3EE20F}.Debug|Any CPU.ActiveCfg = Debug|Any CPU
		{C4F56051-7802-42C7-B621-DF7CFA3EE20F}.Debug|Any CPU.Build.0 = Debug|Any CPU
		{C4F56051-7802-42C7-B621-DF7CFA3EE20F}.Release|Any CPU.ActiveCfg = Release|Any CPU
		{C4F56051-7802-42C7-B621-DF7CFA3EE20F}.Release|Any CPU.Build.0 = Release|Any CPU
		{A611520B-F8DA-45D8-A3E0-27AB0B656075}.Debug|Any CPU.ActiveCfg = Debug|Any CPU
		{A611520B-F8DA-45D8-A3E0-27AB0B656075}.Debug|Any CPU.Build.0 = Debug|Any CPU
		{A611520B-F8DA-45D8-A3E0-27AB0B656075}.Release|Any CPU.ActiveCfg = Release|Any CPU
		{A611520B-F8DA-45D8-A3E0-27AB0B656075}.Release|Any CPU.Build.0 = Release|Any CPU
		{57B4D175-8F75-4593-90C1-F693A53BC9C6}.Debug|Any CPU.ActiveCfg = Debug|Any CPU
		{57B4D175-8F75-4593-90C1-F693A53BC9C6}.Debug|Any CPU.Build.0 = Debug|Any CPU
		{57B4D175-8F75-4593-90C1-F693A53BC9C6}.Release|Any CPU.ActiveCfg = Release|Any CPU
		{57B4D175-8F75-4593-90C1-F693A53BC9C6}.Release|Any CPU.Build.0 = Release|Any CPU
		{507E33BD-E0E6-4F47-A38A-8D30103BE317}.Debug|Any CPU.ActiveCfg = Debug|Any CPU
		{507E33BD-E0E6-4F47-A38A-8D30103BE317}.Debug|Any CPU.Build.0 = Debug|Any CPU
		{507E33BD-E0E6-4F47-A38A-8D30103BE317}.Release|Any CPU.ActiveCfg = Release|Any CPU
		{507E33BD-E0E6-4F47-A38A-8D30103BE317}.Release|Any CPU.Build.0 = Release|Any CPU
	EndGlobalSection
	GlobalSection(SolutionProperties) = preSolution
		HideSolutionNode = FALSE
	EndGlobalSection
	GlobalSection(ExtensibilityGlobals) = postSolution
		SolutionGuid = {C25EB4A1-36B3-4055-96E3-1AB7F3F8937F}
	EndGlobalSection
EndGlobal
